{
  "requires": true,
  "lockfileVersion": 1,
  "dependencies": {
    "@feathers-plus/batch-loader": {
      "version": "0.3.6",
      "resolved": "https://registry.npmjs.org/@feathers-plus/batch-loader/-/batch-loader-0.3.6.tgz",
      "integrity": "sha512-r+n31iZ/B5Rl1mLkC9/S20UI445MdkZvE3VBmjupep2t8OuyTYHPkFEgR25HY6khH+RothK1VL3B5eumk9N2QQ=="
    },
    "@feathersjs/adapter-commons": {
      "version": "4.5.3",
      "resolved": "https://registry.npmjs.org/@feathersjs/adapter-commons/-/adapter-commons-4.5.3.tgz",
      "integrity": "sha512-dfOY2HnG9omDTZ5784FwWpjmN0g7fKbBDKH0LE4eLikVNYCiOPC/9J4C8ULHZPuzUArqG1qvF6bD1ivezqA2YQ==",
      "requires": {
        "@feathersjs/commons": "^4.5.8",
        "@feathersjs/errors": "^4.5.8",
        "@feathersjs/feathers": "^4.5.8"
      }
    },
    "@feathersjs/authentication": {
      "version": "4.5.8",
      "resolved": "https://registry.npmjs.org/@feathersjs/authentication/-/authentication-4.5.8.tgz",
      "integrity": "sha512-ESlrw6UIfqBjYp8my6FC04rybazcDRmXcSZ6mgqZCMjjKJYUdavHoSjynuzsEaMAHV7E1P5HrVe0HY7LEir/NQ==",
      "requires": {
        "@feathersjs/errors": "^4.5.8",
        "@feathersjs/feathers": "^4.5.8",
        "@feathersjs/transport-commons": "^4.5.8",
        "@types/jsonwebtoken": "^8.5.0",
        "debug": "^4.1.1",
        "jsonwebtoken": "^8.5.1",
        "lodash": "^4.17.19",
        "long-timeout": "^0.1.1",
        "uuid": "^8.2.0"
      }
    },
    "@feathersjs/authentication-client": {
      "version": "4.5.8",
      "resolved": "https://registry.npmjs.org/@feathersjs/authentication-client/-/authentication-client-4.5.8.tgz",
      "integrity": "sha512-CSUBI2ZDL2BercS5QCrj0ew6BI1/81inzoY6oUBKUT+Ni2556SdmxjyKVuA5KUJoVtxQzp/naCffSQYm3CafPg==",
      "requires": {
        "@feathersjs/authentication": "^4.5.8",
        "@feathersjs/commons": "^4.5.8",
        "@feathersjs/errors": "^4.5.8",
        "@feathersjs/feathers": "^4.5.8",
        "debug": "^4.1.1"
      }
    },
    "@feathersjs/commons": {
      "version": "4.5.8",
      "resolved": "https://registry.npmjs.org/@feathersjs/commons/-/commons-4.5.8.tgz",
      "integrity": "sha512-8HFQjJ5fkciLbvwWOsbtUvAIOFKMRIXLg+Ynm4HLjK2wHwpWtppkYxe3TfVbc254SYigmQ1c9kK0ERjrn6CqqQ=="
    },
    "@feathersjs/errors": {
      "version": "4.5.8",
      "resolved": "https://registry.npmjs.org/@feathersjs/errors/-/errors-4.5.8.tgz",
      "integrity": "sha512-PPpTHpCuWR0nbs4vvQEdXC5gLnWHmeDCF+hm9IJouzYkYIjt0UG/vKvPCBNqCREVHVfSrszdzI1MSeHRSUQddQ==",
      "requires": {
        "debug": "^4.1.1"
      }
    },
    "@feathersjs/feathers": {
      "version": "4.5.8",
      "resolved": "https://registry.npmjs.org/@feathersjs/feathers/-/feathers-4.5.8.tgz",
      "integrity": "sha512-6d8oOPGZu4unda4XXNXV8nzaUI/OsUXY7s30HFDFvf7c81A2oe2uQ/u8OdGEiKpKcX5Ugq9lKYhiYCvMM3dibA==",
      "requires": {
        "@feathersjs/commons": "^4.5.8",
        "debug": "^4.1.1",
        "events": "^3.2.0",
        "uberproto": "^2.0.6"
      }
    },
    "@feathersjs/rest-client": {
      "version": "4.5.8",
      "resolved": "https://registry.npmjs.org/@feathersjs/rest-client/-/rest-client-4.5.8.tgz",
      "integrity": "sha512-YG/CuuOHKlQI+94hsv0rROkYFh1+vf5Qb1ElJx3M/KiU36JtGuswIVnpEhhH3Gw+nprvJY1FZFufB78YBHk+3Q==",
      "requires": {
        "@feathersjs/commons": "^4.5.8",
        "@feathersjs/errors": "^4.5.8",
        "qs": "^6.9.4"
      }
    },
    "@feathersjs/transport-commons": {
      "version": "4.5.8",
      "resolved": "https://registry.npmjs.org/@feathersjs/transport-commons/-/transport-commons-4.5.8.tgz",
      "integrity": "sha512-feECInVjgXdNxlXImdhB72+4Q89G4NXQTXcBmtGmI7tJtDFN+5cak23t7vp2EvNUlwexaYGL3DZMVD/KxYU3yA==",
      "requires": {
        "@feathersjs/commons": "^4.5.8",
        "@feathersjs/errors": "^4.5.8",
        "debug": "^4.1.1",
        "lodash": "^4.17.19",
        "radix-router": "^3.0.1"
      }
    },
    "@types/feathersjs__feathers": {
      "version": "3.1.6",
      "resolved": "https://registry.npmjs.org/@types/feathersjs__feathers/-/feathersjs__feathers-3.1.6.tgz",
      "integrity": "sha512-FfKQ3tfuQyXl/VWezWK5Ot4mhghxfumqldncPB0kiKK6ugYyfDJZ2ggjAaQVb6uBJ4YfrQSWu8laMVEAOM1EXQ==",
      "requires": {
        "@types/node": "*"
      }
    },
    "@types/inflection": {
      "version": "1.5.28",
      "resolved": "https://registry.npmjs.org/@types/inflection/-/inflection-1.5.28.tgz",
      "integrity": "sha1-Q9VeDXLPMzot/9nE7AQHRVobCTE="
    },
    "@types/jsonwebtoken": {
      "version": "8.5.0",
      "resolved": "https://registry.npmjs.org/@types/jsonwebtoken/-/jsonwebtoken-8.5.0.tgz",
      "integrity": "sha512-9bVao7LvyorRGZCw0VmH/dr7Og+NdjYSsKAxB43OQoComFbBgsEpoR9JW6+qSq/ogwVBg8GI2MfAlk4SYI4OLg==",
      "requires": {
        "@types/node": "*"
      }
    },
    "@types/lodash": {
      "version": "4.14.161",
      "resolved": "https://registry.npmjs.org/@types/lodash/-/lodash-4.14.161.tgz",
      "integrity": "sha512-EP6O3Jkr7bXvZZSZYlsgt5DIjiGr0dXP1/jVEwVLTFgg0d+3lWVQkRavYVQszV7dYUwvg0B8R0MBDpcmXg7XIA=="
    },
    "@types/node": {
      "version": "14.11.2",
      "resolved": "https://registry.npmjs.org/@types/node/-/node-14.11.2.tgz",
      "integrity": "sha512-jiE3QIxJ8JLNcb1Ps6rDbysDhN4xa8DJJvuC9prr6w+1tIh+QAbYyNF3tyiZNLDBIuBCf4KEcV2UvQm/V60xfA=="
    },
    "@types/npm": {
      "version": "2.0.31",
      "resolved": "https://registry.npmjs.org/@types/npm/-/npm-2.0.31.tgz",
      "integrity": "sha512-v4JpUx83wVGItleYsnYeZrM8NTLSnYDfTE/iGm4owy6zZPNFNmnsvvrxiYtG3cVHt/XutzTjUBQ9Bh8bnvEkCw==",
      "requires": {
        "@types/node": "*"
      }
    },
    "@vue/composition-api": {
      "version": "1.0.0-beta.14",
      "resolved": "https://registry.npmjs.org/@vue/composition-api/-/composition-api-1.0.0-beta.14.tgz",
      "integrity": "sha512-HYBe87RG//qpN/2+ZtgdhrIafdO8bYK/Tu1+/jMS4iNGYJi42XCbPydhEAiaRcTvsEJjZQEfP+hKKIuH+iPICg==",
      "requires": {
        "tslib": "^2.0.1"
      }
    },
    "ajv": {
      "version": "6.12.5",
      "resolved": "https://registry.npmjs.org/ajv/-/ajv-6.12.5.tgz",
      "integrity": "sha512-lRF8RORchjpKG50/WFf8xmg7sgCLFiYNNnqdKflk63whMQcWR5ngGjiSXkL9bjxy6B2npOK2HSMN49jEBMSkag==",
      "requires": {
        "fast-deep-equal": "^3.1.1",
        "fast-json-stable-stringify": "^2.0.0",
        "json-schema-traverse": "^0.4.1",
        "uri-js": "^4.2.2"
      }
    },
    "bson-objectid": {
      "version": "1.3.1",
      "resolved": "https://registry.npmjs.org/bson-objectid/-/bson-objectid-1.3.1.tgz",
      "integrity": "sha512-eQBNQXsisEAXlwiSy8zRNZdW2xDBJaEVkTPbodYR9hGxxtE548Qq7ilYOd8WAQ86xF7NRUdiWSQ1pa/TkKiE2A=="
    },
    "buffer-equal-constant-time": {
      "version": "1.0.1",
      "resolved": "https://registry.npmjs.org/buffer-equal-constant-time/-/buffer-equal-constant-time-1.0.1.tgz",
      "integrity": "sha1-+OcRMvf/5uAaXJaXpMbz5I1cyBk="
    },
    "debug": {
      "version": "4.2.0",
      "resolved": "https://registry.npmjs.org/debug/-/debug-4.2.0.tgz",
      "integrity": "sha512-IX2ncY78vDTjZMFUdmsvIRFY2Cf4FnD0wRs+nQwJU8Lu99/tPFdb0VybiiMTPe3I6rQmwsqQqRBvxU+bZ/I8sg==",
      "requires": {
        "ms": "2.1.2"
      }
    },
    "ecdsa-sig-formatter": {
      "version": "1.0.11",
      "resolved": "https://registry.npmjs.org/ecdsa-sig-formatter/-/ecdsa-sig-formatter-1.0.11.tgz",
      "integrity": "sha512-nagl3RYrbNv6kQkeJIpt6NJZy8twLB/2vtz6yN9Z4vRKHN4/QZJIEbqohALSgwKdnksuY3k5Addp5lg8sVoVcQ==",
      "requires": {
        "safe-buffer": "^5.0.1"
      }
    },
    "events": {
      "version": "3.2.0",
      "resolved": "https://registry.npmjs.org/events/-/events-3.2.0.tgz",
      "integrity": "sha512-/46HWwbfCX2xTawVfkKLGxMifJYQBWMwY1mjywRtb4c9x8l5NP3KoJtnIOiL1hfdRkIuYhETxQlo62IF8tcnlg=="
    },
    "fast-copy": {
      "version": "2.1.0",
      "resolved": "https://registry.npmjs.org/fast-copy/-/fast-copy-2.1.0.tgz",
      "integrity": "sha512-j4VxAVJsu9NHveYrIj0+nJxXe2lOlibKTlyy0jH8DBwcuV6QyXTy0zTqZhmMKo7EYvuaUk/BFj/o6NU6grE5ag=="
    },
    "fast-deep-equal": {
      "version": "3.1.3",
      "resolved": "https://registry.npmjs.org/fast-deep-equal/-/fast-deep-equal-3.1.3.tgz",
      "integrity": "sha512-f3qQ9oQy9j2AhBe/H9VC91wLmKBCCU/gDOnKNAYG5hswO7BLKj09Hc5HYNz9cGI++xlpDCIgDaitVs03ATR84Q=="
    },
    "fast-json-stable-stringify": {
      "version": "2.1.0",
      "resolved": "https://registry.npmjs.org/fast-json-stable-stringify/-/fast-json-stable-stringify-2.1.0.tgz",
      "integrity": "sha512-lhd/wF+Lk98HZoTCtlVraHtfh5XYijIjalXck7saUtuanSDyLMxnHhSXEDJqHxD7msR8D0uCmqlkwjCV8xvwHw=="
    },
    "feathers-hooks-common": {
      "version": "5.0.4",
      "resolved": "https://registry.npmjs.org/feathers-hooks-common/-/feathers-hooks-common-5.0.4.tgz",
      "integrity": "sha512-FSRUUQZBz8UegHha4uEuP0lfknXvL/BqHqeXS6BfPZ7z/oREdWKvi8hZ1qBeD2pYpwR0zWcGBAeGoVZ9p6MuJQ==",
      "requires": {
        "@feathers-plus/batch-loader": "^0.3.6",
        "@feathersjs/commons": "^4.5.8",
        "@feathersjs/errors": "^4.5.8",
        "@feathersjs/feathers": "^4.5.8",
        "ajv": "^6.12.4",
        "debug": "^4.1.1",
        "graphql": "^15.3.0",
        "lodash": "^4.17.20",
        "process": "0.11.10",
        "traverse": "^0.6.6"
      }
    },
    "feathers-vuex": {
      "version": "3.12.3",
      "resolved": "https://registry.npmjs.org/feathers-vuex/-/feathers-vuex-3.12.3.tgz",
      "integrity": "sha512-8wkIARPnJUjfP+mQNUUXsqpia3ptk8t2cyNDMo29jVJup01BCOeSaZmQufVscveQrt6ENPWAzMj4Bec710tzjQ==",
      "requires": {
        "@feathersjs/adapter-commons": "^4.5.2",
        "@feathersjs/commons": "^4.5.3",
        "@feathersjs/errors": "^4.5.3",
        "@types/feathersjs__feathers": "^3.1.5",
        "@types/inflection": "^1.5.28",
        "@types/lodash": "^4.14.150",
        "@types/npm": "^2.0.31",
        "bson-objectid": "^1.3.0",
        "debug": "^4.1.1",
        "events": "^3.1.0",
        "fast-copy": "^2.1.0",
        "fast-json-stable-stringify": "^2.1.0",
        "inflection": "^1.12.0",
        "jwt-decode": "^2.2.0",
        "lodash": "^4.17.15",
        "lodash.isobject": "^3.0.2",
        "lodash.isplainobject": "^4.0.6",
        "lodash.merge": "^4.6.2",
        "lodash.omit": "^4.5.0",
        "lodash.pick": "^4.4.0",
        "lodash.trim": "^4.5.1",
        "serialize-error": "^5.0.0",
        "sift": "^9.0.4"
      }
    },
    "graphql": {
      "version": "15.3.0",
      "resolved": "https://registry.npmjs.org/graphql/-/graphql-15.3.0.tgz",
      "integrity": "sha512-GTCJtzJmkFLWRfFJuoo9RWWa/FfamUHgiFosxi/X1Ani4AVWbeyBenZTNX6dM+7WSbbFfTo/25eh0LLkwHMw2w=="
    },
    "inflection": {
      "version": "1.12.0",
      "resolved": "https://registry.npmjs.org/inflection/-/inflection-1.12.0.tgz",
      "integrity": "sha1-ogCTVlbW9fa8TcdQLhrstwMihBY="
    },
    "json-schema-traverse": {
      "version": "0.4.1",
      "resolved": "https://registry.npmjs.org/json-schema-traverse/-/json-schema-traverse-0.4.1.tgz",
      "integrity": "sha512-xbbCH5dCYU5T8LcEhhuh7HJ88HXuW3qsI3Y0zOZFKfZEHcpWiHU/Jxzk629Brsab/mMiHQti9wMP+845RPe3Vg=="
    },
    "jsonwebtoken": {
      "version": "8.5.1",
      "resolved": "https://registry.npmjs.org/jsonwebtoken/-/jsonwebtoken-8.5.1.tgz",
      "integrity": "sha512-XjwVfRS6jTMsqYs0EsuJ4LGxXV14zQybNd4L2r0UvbVnSF9Af8x7p5MzbJ90Ioz/9TI41/hTCvznF/loiSzn8w==",
      "requires": {
        "jws": "^3.2.2",
        "lodash.includes": "^4.3.0",
        "lodash.isboolean": "^3.0.3",
        "lodash.isinteger": "^4.0.4",
        "lodash.isnumber": "^3.0.3",
        "lodash.isplainobject": "^4.0.6",
        "lodash.isstring": "^4.0.1",
        "lodash.once": "^4.0.0",
        "ms": "^2.1.1",
        "semver": "^5.6.0"
      }
    },
    "jwa": {
      "version": "1.4.1",
      "resolved": "https://registry.npmjs.org/jwa/-/jwa-1.4.1.tgz",
      "integrity": "sha512-qiLX/xhEEFKUAJ6FiBMbes3w9ATzyk5W7Hvzpa/SLYdxNtng+gcurvrI7TbACjIXlsJyr05/S1oUhZrc63evQA==",
      "requires": {
        "buffer-equal-constant-time": "1.0.1",
        "ecdsa-sig-formatter": "1.0.11",
        "safe-buffer": "^5.0.1"
      }
    },
    "jws": {
      "version": "3.2.2",
      "resolved": "https://registry.npmjs.org/jws/-/jws-3.2.2.tgz",
      "integrity": "sha512-YHlZCB6lMTllWDtSPHz/ZXTsi8S00usEV6v1tjq8tOUZzw7DpSDWVXjXDre6ed1w/pd495ODpHZYSdkRTsa0HA==",
      "requires": {
        "jwa": "^1.4.1",
        "safe-buffer": "^5.0.1"
      }
    },
    "jwt-decode": {
      "version": "2.2.0",
      "resolved": "https://registry.npmjs.org/jwt-decode/-/jwt-decode-2.2.0.tgz",
      "integrity": "sha1-fYa9VmefWM5qhHBKZX3TkruoGnk="
    },
    "lodash": {
      "version": "4.17.20",
      "resolved": "https://registry.npmjs.org/lodash/-/lodash-4.17.20.tgz",
      "integrity": "sha512-PlhdFcillOINfeV7Ni6oF1TAEayyZBoZ8bcshTHqOYJYlrqzRK5hagpagky5o4HfCzzd1TRkXPMFq6cKk9rGmA=="
    },
    "lodash.includes": {
      "version": "4.3.0",
      "resolved": "https://registry.npmjs.org/lodash.includes/-/lodash.includes-4.3.0.tgz",
      "integrity": "sha1-YLuYqHy5I8aMoeUTJUgzFISfVT8="
    },
    "lodash.isboolean": {
      "version": "3.0.3",
      "resolved": "https://registry.npmjs.org/lodash.isboolean/-/lodash.isboolean-3.0.3.tgz",
      "integrity": "sha1-bC4XHbKiV82WgC/UOwGyDV9YcPY="
    },
    "lodash.isinteger": {
      "version": "4.0.4",
      "resolved": "https://registry.npmjs.org/lodash.isinteger/-/lodash.isinteger-4.0.4.tgz",
      "integrity": "sha1-YZwK89A/iwTDH1iChAt3sRzWg0M="
    },
    "lodash.isnumber": {
      "version": "3.0.3",
      "resolved": "https://registry.npmjs.org/lodash.isnumber/-/lodash.isnumber-3.0.3.tgz",
      "integrity": "sha1-POdoEMWSjQM1IwGsKHMX8RwLH/w="
    },
    "lodash.isobject": {
      "version": "3.0.2",
      "resolved": "https://registry.npmjs.org/lodash.isobject/-/lodash.isobject-3.0.2.tgz",
      "integrity": "sha1-PI+41bW/S/kK4G4U8qUwpO2TXh0="
    },
    "lodash.isplainobject": {
      "version": "4.0.6",
      "resolved": "https://registry.npmjs.org/lodash.isplainobject/-/lodash.isplainobject-4.0.6.tgz",
      "integrity": "sha1-fFJqUtibRcRcxpC4gWO+BJf1UMs="
    },
    "lodash.isstring": {
      "version": "4.0.1",
      "resolved": "https://registry.npmjs.org/lodash.isstring/-/lodash.isstring-4.0.1.tgz",
      "integrity": "sha1-1SfftUVuynzJu5XV2ur4i6VKVFE="
    },
    "lodash.merge": {
      "version": "4.6.2",
      "resolved": "https://registry.npmjs.org/lodash.merge/-/lodash.merge-4.6.2.tgz",
      "integrity": "sha512-0KpjqXRVvrYyCsX1swR/XTK0va6VQkQM6MNo7PqW77ByjAhoARA8EfrP1N4+KlKj8YS0ZUCtRT/YUuhyYDujIQ=="
    },
    "lodash.omit": {
      "version": "4.5.0",
      "resolved": "https://registry.npmjs.org/lodash.omit/-/lodash.omit-4.5.0.tgz",
      "integrity": "sha1-brGa5aHuHdnfC5aeZs4Lf6MLXmA="
    },
    "lodash.once": {
      "version": "4.1.1",
      "resolved": "https://registry.npmjs.org/lodash.once/-/lodash.once-4.1.1.tgz",
      "integrity": "sha1-DdOXEhPHxW34gJd9UEyI+0cal6w="
    },
    "lodash.pick": {
      "version": "4.4.0",
      "resolved": "https://registry.npmjs.org/lodash.pick/-/lodash.pick-4.4.0.tgz",
      "integrity": "sha1-UvBWEP/53tQiYRRB7R/BI6AwAbM="
    },
    "lodash.trim": {
      "version": "4.5.1",
      "resolved": "https://registry.npmjs.org/lodash.trim/-/lodash.trim-4.5.1.tgz",
      "integrity": "sha1-NkJefukL5KpeJ7zruFt9EepHqlc="
    },
    "long-timeout": {
      "version": "0.1.1",
      "resolved": "https://registry.npmjs.org/long-timeout/-/long-timeout-0.1.1.tgz",
      "integrity": "sha1-lyHXiLR+C8taJMLivuGg2lXatRQ="
    },
    "ms": {
      "version": "2.1.2",
      "resolved": "https://registry.npmjs.org/ms/-/ms-2.1.2.tgz",
      "integrity": "sha512-sGkPx+VjMtmA6MX27oA4FBFELFCZZ4S4XqeGOXCv68tT+jb3vk/RyaKWP0PTKyWtmLSM0b+adUTEvbs1PEaH2w=="
    },
    "process": {
      "version": "0.11.10",
      "resolved": "https://registry.npmjs.org/process/-/process-0.11.10.tgz",
      "integrity": "sha1-czIwDoQBYb2j5podHZGn1LwW8YI="
    },
    "punycode": {
      "version": "2.1.1",
      "resolved": "https://registry.npmjs.org/punycode/-/punycode-2.1.1.tgz",
      "integrity": "sha512-XRsRjdf+j5ml+y/6GKHPZbrF/8p2Yga0JPtdqTIY2Xe5ohJPD9saDJJLPvp9+NSBprVvevdXZybnj2cv8OEd0A=="
    },
    "qs": {
      "version": "6.9.4",
      "resolved": "https://registry.npmjs.org/qs/-/qs-6.9.4.tgz",
      "integrity": "sha512-A1kFqHekCTM7cz0udomYUoYNWjBebHm/5wzU/XqrBRBNWectVH0QIiN+NEcZ0Dte5hvzHwbr8+XQmguPhJ6WdQ=="
    },
    "radix-router": {
      "version": "3.0.1",
      "resolved": "https://registry.npmjs.org/radix-router/-/radix-router-3.0.1.tgz",
      "integrity": "sha512-jpHXHgP+ZmVzEfmZ7WVRSvc/EqMoAqYuMtBsHd9s47Hs9Iy8FDJhkweMrDH0wmdxanLzVIWhq0UpomLXNpW8tg=="
    },
    "safe-buffer": {
      "version": "5.2.1",
      "resolved": "https://registry.npmjs.org/safe-buffer/-/safe-buffer-5.2.1.tgz",
      "integrity": "sha512-rp3So07KcdmmKbGvgaNxQSJr7bGVSVk5S9Eq1F+ppbRo70+YeaDxkw5Dd8NPN+GD6bjnYm2VuPuCXmpuYvmCXQ=="
    },
    "semver": {
      "version": "5.7.1",
      "resolved": "https://registry.npmjs.org/semver/-/semver-5.7.1.tgz",
      "integrity": "sha512-sauaDf/PZdVgrLTNYHRtpXa1iRiKcaebiKQ1BJdpQlWH2lCvexQdX55snPFyK7QzpudqbCI0qXFfOasHdyNDGQ=="
    },
    "serialize-error": {
      "version": "5.0.0",
      "resolved": "https://registry.npmjs.org/serialize-error/-/serialize-error-5.0.0.tgz",
      "integrity": "sha512-/VtpuyzYf82mHYTtI4QKtwHa79vAdU5OQpNPAmE/0UDdlGT0ZxHwC+J6gXkw29wwoVI8fMPsfcVHOwXtUQYYQA==",
      "requires": {
        "type-fest": "^0.8.0"
      }
    },
    "sift": {
      "version": "9.0.7",
      "resolved": "https://registry.npmjs.org/sift/-/sift-9.0.7.tgz",
      "integrity": "sha512-q8Wvt15s0UJfIgVBEupXwITi8AKoHwCZbIO/bz+YMgEZRPh5qj/gjvYtqhKjHWe9srbuq5DyYeRyWPVjkOihPg=="
    },
    "traverse": {
      "version": "0.6.6",
      "resolved": "https://registry.npmjs.org/traverse/-/traverse-0.6.6.tgz",
      "integrity": "sha1-y99WD9e5r2MlAv7UD5GMFX6pcTc="
    },
    "tslib": {
      "version": "2.0.1",
      "resolved": "https://registry.npmjs.org/tslib/-/tslib-2.0.1.tgz",
      "integrity": "sha512-SgIkNheinmEBgx1IUNirK0TUD4X9yjjBRTqqjggWCU3pUEqIk3/Uwl3yRixYKT6WjQuGiwDv4NomL3wqRCj+CQ=="
    },
    "type-fest": {
      "version": "0.8.1",
      "resolved": "https://registry.npmjs.org/type-fest/-/type-fest-0.8.1.tgz",
      "integrity": "sha512-4dbzIzqvjtgiM5rw1k5rEHtBANKmdudhGyBEajN01fEyhaAIhsoKNy6y7+IN93IfpFtwY9iqi7kD+xwKhQsNJA=="
    },
    "uberproto": {
      "version": "2.0.6",
      "resolved": "https://registry.npmjs.org/uberproto/-/uberproto-2.0.6.tgz",
      "integrity": "sha512-68H97HffZoFaa3HFtpstahWorN9dSp5uTU6jo3GjIQ6JkJBR3hC2Nx/e/HFOoYHdUyT/Z1MRWfxN1EiQJZUyCQ=="
    },
    "uri-js": {
      "version": "4.4.0",
      "resolved": "https://registry.npmjs.org/uri-js/-/uri-js-4.4.0.tgz",
      "integrity": "sha512-B0yRTzYdUCCn9n+F4+Gh4yIDtMQcaJsmYBDsTSG8g/OejKBodLQ2IHfN3bM7jUsRXndopT7OIXWdYqc1fjmV6g==",
      "requires": {
        "punycode": "^2.1.0"
      }
    },
    "uuid": {
      "version": "8.3.0",
      "resolved": "https://registry.npmjs.org/uuid/-/uuid-8.3.0.tgz",
      "integrity": "sha512-fX6Z5o4m6XsXBdli9g7DtWgAx+osMsRRZFKma1mIUsLCz6vRvv+pz5VNbyu9UEDzpMWulZfvpgb/cmDXVulYFQ=="
    }
  }
}
